github.com/wowchemy/wowchemy-hugo-modules/wowchemy-cms/v5 v5.0.0-20211004191917-b02a90a434c6 h1:b73zzlXm9lkhu5CSaGweiGT6iNiAXaNVyvH/No4MlvI=
github.com/wowchemy/wowchemy-hugo-modules/wowchemy-cms/v5 v5.0.0-20211004191917-b02a90a434c6/go.mod h1:Sp/AKo+2HAPi/IPHp1MEdKPmee+mzO5+efUBUPLPqPE=
github.com/wowchemy/wowchemy-hugo-modules/wowchemy/v5 v5.0.0-20211004191917-b02a90a434c6 h1:xWp2hZ2+sJghY4W3+1u5ipxJTcQR1m7r9camgHdXdWE=
github.com/wowchemy/wowchemy-hugo-modules/wowchemy/v5 v5.0.0-20211004191917-b02a90a434c6/go.mod h1:2iL9rdrUYyJXX2BeHKfK+QbqZlubCsaR60nQ87NRQTY=
