github.com/wowchemy/wowchemy-hugo-modules/wowchemy-cms/v5 v5.0.0-20220110204553-d134dc7f12cf h1:qeJvLwrIUpGzYRCx3e+/PO3aPwMFlgV0Jy7/G4p/524=
github.com/wowchemy/wowchemy-hugo-modules/wowchemy-cms/v5 v5.0.0-20220110204553-d134dc7f12cf/go.mod h1:Sp/AKo+2HAPi/IPHp1MEdKPmee+mzO5+efUBUPLPqPE=
github.com/wowchemy/wowchemy-hugo-modules/wowchemy/v5 v5.0.0-20220110204553-d134dc7f12cf h1:Ep0yLHjDCGMDkb0UHuBhoxJ2A+/dxGSnDn0q4ZZG+8M=
github.com/wowchemy/wowchemy-hugo-modules/wowchemy/v5 v5.0.0-20220110204553-d134dc7f12cf/go.mod h1:2iL9rdrUYyJXX2BeHKfK+QbqZlubCsaR60nQ87NRQTY=
