github.com/wowchemy/wowchemy-hugo-modules/wowchemy-cms/v5 v5.0.0-20220122152657-2ccc34471cfa h1:Yq79BCChdcbB3hF5mXiain70T2cftYCU266TqAU9TQY=
github.com/wowchemy/wowchemy-hugo-modules/wowchemy-cms/v5 v5.0.0-20220122152657-2ccc34471cfa/go.mod h1:Sp/AKo+2HAPi/IPHp1MEdKPmee+mzO5+efUBUPLPqPE=
github.com/wowchemy/wowchemy-hugo-modules/wowchemy/v5 v5.0.0-20220122152657-2ccc34471cfa h1:lndeOYT6OAIcv4bgqnmubWXPZnycWjL69pRYBixfpns=
github.com/wowchemy/wowchemy-hugo-modules/wowchemy/v5 v5.0.0-20220122152657-2ccc34471cfa/go.mod h1:2iL9rdrUYyJXX2BeHKfK+QbqZlubCsaR60nQ87NRQTY=
